
Microsoft Visual Studio Solution File, Format Version 12.00
# Visual Studio Version 17
VisualStudioVersion = 17.9.34701.34
MinimumVisualStudioVersion = 10.0.40219.1
Project("{FAE04EC0-301F-11D3-BF4B-00C04F79EFBC}") = "MyLinq", "MyLinq\MyLinq.csproj", "{F57F0605-09F0-4EDD-A867-3B114706C883}"
EndProject
Global
	GlobalSection(SolutionConfigurationPlatforms) = preSolution
		Debug|Any CPU = Debug|Any CPU
		Release|Any CPU = Release|Any CPU
	EndGlobalSection
	GlobalSection(ProjectConfigurationPlatforms) = postSolution
		{F57F0605-09F0-4EDD-A867-3B114706C883}.Debug|Any CPU.ActiveCfg = Debug|Any CPU
		{F57F0605-09F0-4EDD-A867-3B114706C883}.Debug|Any CPU.Build.0 = Debug|Any CPU
		{F57F0605-09F0-4EDD-A867-3B114706C883}.Release|Any CPU.ActiveCfg = Release|Any CPU
		{F57F0605-09F0-4EDD-A867-3B114706C883}.Release|Any CPU.Build.0 = Release|Any CPU
	EndGlobalSection
	GlobalSection(SolutionProperties) = preSolution
		HideSolutionNode = FALSE
	EndGlobalSection
	GlobalSection(ExtensibilityGlobals) = postSolution
		SolutionGuid = {F6CE45E5-6155-4E6A-8DE7-0312F3E9CE5C}
	EndGlobalSection
EndGlobal
